
Microsoft Visual Studio Solution File, Format Version 12.00
# Visual Studio Version 17
VisualStudioVersion = 17.0.31903.59
MinimumVisualStudioVersion = 10.0.40219.1
Project("{2150E333-8FDC-42A3-9474-1A3956D46DE8}") = "src", "src", "{827E0CD3-B72D-47B6-A68D-7590B98EB39B}"
EndProject
Project("{FAE04EC0-301F-11D3-BF4B-00C04F79EFBC}") = "MosaicLiveGenerator", "src\MosaicLiveGenerator\MosaicLiveGenerator.csproj", "{6342DDE2-F36F-4BDB-BF21-E1F7D860C217}"
EndProject
Project("{2150E333-8FDC-42A3-9474-1A3956D46DE8}") = "tests", "tests", "{0AB3BF05-4346-4AA6-1389-037BE0695223}"
EndProject
Project("{FAE04EC0-301F-11D3-BF4B-00C04F79EFBC}") = "MosaicLiveGenerator.Tests", "tests\MosaicLiveGenerator.Tests\MosaicLiveGenerator.Tests.csproj", "{2180186B-69F2-4F8D-B200-BDA46C074ED2}"
EndProject
Project("{2150E333-8FDC-42A3-9474-1A3956D46DE8}") = "samples", "samples", "{5D20AA90-6969-D8BD-9DCD-8634F4692FDA}"
EndProject
Project("{FAE04EC0-301F-11D3-BF4B-00C04F79EFBC}") = "MosaicSmoke", "samples\MosaicSmoke\MosaicSmoke.csproj", "{25E60733-3258-4357-888B-227759B97551}"
EndProject
Global
	GlobalSection(SolutionConfigurationPlatforms) = preSolution
		Debug|Any CPU = Debug|Any CPU
		Debug|x64 = Debug|x64
		Debug|x86 = Debug|x86
		Release|Any CPU = Release|Any CPU
		Release|x64 = Release|x64
		Release|x86 = Release|x86
	EndGlobalSection
	GlobalSection(ProjectConfigurationPlatforms) = postSolution
		{6342DDE2-F36F-4BDB-BF21-E1F7D860C217}.Debug|Any CPU.ActiveCfg = Debug|Any CPU
		{6342DDE2-F36F-4BDB-BF21-E1F7D860C217}.Debug|Any CPU.Build.0 = Debug|Any CPU
		{6342DDE2-F36F-4BDB-BF21-E1F7D860C217}.Debug|x64.ActiveCfg = Debug|Any CPU
		{6342DDE2-F36F-4BDB-BF21-E1F7D860C217}.Debug|x64.Build.0 = Debug|Any CPU
		{6342DDE2-F36F-4BDB-BF21-E1F7D860C217}.Debug|x86.ActiveCfg = Debug|Any CPU
		{6342DDE2-F36F-4BDB-BF21-E1F7D860C217}.Debug|x86.Build.0 = Debug|Any CPU
		{6342DDE2-F36F-4BDB-BF21-E1F7D860C217}.Release|Any CPU.ActiveCfg = Release|Any CPU
		{6342DDE2-F36F-4BDB-BF21-E1F7D860C217}.Release|Any CPU.Build.0 = Release|Any CPU
		{6342DDE2-F36F-4BDB-BF21-E1F7D860C217}.Release|x64.ActiveCfg = Release|Any CPU
		{6342DDE2-F36F-4BDB-BF21-E1F7D860C217}.Release|x64.Build.0 = Release|Any CPU
		{6342DDE2-F36F-4BDB-BF21-E1F7D860C217}.Release|x86.ActiveCfg = Release|Any CPU
		{6342DDE2-F36F-4BDB-BF21-E1F7D860C217}.Release|x86.Build.0 = Release|Any CPU
		{2180186B-69F2-4F8D-B200-BDA46C074ED2}.Debug|Any CPU.ActiveCfg = Debug|Any CPU
		{2180186B-69F2-4F8D-B200-BDA46C074ED2}.Debug|Any CPU.Build.0 = Debug|Any CPU
		{2180186B-69F2-4F8D-B200-BDA46C074ED2}.Debug|x64.ActiveCfg = Debug|Any CPU
		{2180186B-69F2-4F8D-B200-BDA46C074ED2}.Debug|x64.Build.0 = Debug|Any CPU
		{2180186B-69F2-4F8D-B200-BDA46C074ED2}.Debug|x86.ActiveCfg = Debug|Any CPU
		{2180186B-69F2-4F8D-B200-BDA46C074ED2}.Debug|x86.Build.0 = Debug|Any CPU
		{2180186B-69F2-4F8D-B200-BDA46C074ED2}.Release|Any CPU.ActiveCfg = Release|Any CPU
		{2180186B-69F2-4F8D-B200-BDA46C074ED2}.Release|Any CPU.Build.0 = Release|Any CPU
		{2180186B-69F2-4F8D-B200-BDA46C074ED2}.Release|x64.ActiveCfg = Release|Any CPU
		{2180186B-69F2-4F8D-B200-BDA46C074ED2}.Release|x64.Build.0 = Release|Any CPU
		{2180186B-69F2-4F8D-B200-BDA46C074ED2}.Release|x86.ActiveCfg = Release|Any CPU
		{2180186B-69F2-4F8D-B200-BDA46C074ED2}.Release|x86.Build.0 = Release|Any CPU
		{25E60733-3258-4357-888B-227759B97551}.Debug|Any CPU.ActiveCfg = Debug|Any CPU
		{25E60733-3258-4357-888B-227759B97551}.Debug|Any CPU.Build.0 = Debug|Any CPU
		{25E60733-3258-4357-888B-227759B97551}.Debug|x64.ActiveCfg = Debug|Any CPU
		{25E60733-3258-4357-888B-227759B97551}.Debug|x64.Build.0 = Debug|Any CPU
		{25E60733-3258-4357-888B-227759B97551}.Debug|x86.ActiveCfg = Debug|Any CPU
		{25E60733-3258-4357-888B-227759B97551}.Debug|x86.Build.0 = Debug|Any CPU
		{25E60733-3258-4357-888B-227759B97551}.Release|Any CPU.ActiveCfg = Release|Any CPU
		{25E60733-3258-4357-888B-227759B97551}.Release|Any CPU.Build.0 = Release|Any CPU
		{25E60733-3258-4357-888B-227759B97551}.Release|x64.ActiveCfg = Release|Any CPU
		{25E60733-3258-4357-888B-227759B97551}.Release|x64.Build.0 = Release|Any CPU
		{25E60733-3258-4357-888B-227759B97551}.Release|x86.ActiveCfg = Release|Any CPU
		{25E60733-3258-4357-888B-227759B97551}.Release|x86.Build.0 = Release|Any CPU
	EndGlobalSection
	GlobalSection(SolutionProperties) = preSolution
		HideSolutionNode = FALSE
	EndGlobalSection
	GlobalSection(NestedProjects) = preSolution
		{6342DDE2-F36F-4BDB-BF21-E1F7D860C217} = {827E0CD3-B72D-47B6-A68D-7590B98EB39B}
		{2180186B-69F2-4F8D-B200-BDA46C074ED2} = {0AB3BF05-4346-4AA6-1389-037BE0695223}
		{25E60733-3258-4357-888B-227759B97551} = {5D20AA90-6969-D8BD-9DCD-8634F4692FDA}
	EndGlobalSection
EndGlobal
